
Microsoft Visual Studio Solution File, Format Version 12.00
# Visual Studio 15
VisualStudioVersion = 15.0.28307.1684
MinimumVisualStudioVersion = 10.0.40219.1
Project("{FAE04EC0-301F-11D3-BF4B-00C04F79EFBC}") = "ImportDataFromExcel", "ImportDataFromExcel\ImportDataFromExcel.csproj", "{79A4AB07-78B5-43B7-B74A-421CA5D9317D}"
EndProject
Global
	GlobalSection(SolutionConfigurationPlatforms) = preSolution
		Debug|Any CPU = Debug|Any CPU
		Release|Any CPU = Release|Any CPU
	EndGlobalSection
	GlobalSection(ProjectConfigurationPlatforms) = postSolution
		{79A4AB07-78B5-43B7-B74A-421CA5D9317D}.Debug|Any CPU.ActiveCfg = Debug|Any CPU
		{79A4AB07-78B5-43B7-B74A-421CA5D9317D}.Debug|Any CPU.Build.0 = Debug|Any CPU
		{79A4AB07-78B5-43B7-B74A-421CA5D9317D}.Release|Any CPU.ActiveCfg = Release|Any CPU
		{79A4AB07-78B5-43B7-B74A-421CA5D9317D}.Release|Any CPU.Build.0 = Release|Any CPU
	EndGlobalSection
	GlobalSection(SolutionProperties) = preSolution
		HideSolutionNode = FALSE
	EndGlobalSection
	GlobalSection(ExtensibilityGlobals) = postSolution
		SolutionGuid = {C5C1CA9E-1730-4DB1-AE6C-512873E6D1B5}
	EndGlobalSection
EndGlobal
